
Microsoft Visual Studio Solution File, Format Version 12.00
# Visual Studio Version 17
VisualStudioVersion = 17.5.33414.496
MinimumVisualStudioVersion = 10.0.40219.1
Project("{FAE04EC0-301F-11D3-BF4B-00C04F79EFBC}") = "TPModul6_1302213011", "TPModul6_1302213011\TPModul6_1302213011.csproj", "{151CA865-0057-4F39-9703-ACE74948F0EC}"
EndProject
Global
	GlobalSection(SolutionConfigurationPlatforms) = preSolution
		Debug|Any CPU = Debug|Any CPU
		Release|Any CPU = Release|Any CPU
	EndGlobalSection
	GlobalSection(ProjectConfigurationPlatforms) = postSolution
		{151CA865-0057-4F39-9703-ACE74948F0EC}.Debug|Any CPU.ActiveCfg = Debug|Any CPU
		{151CA865-0057-4F39-9703-ACE74948F0EC}.Debug|Any CPU.Build.0 = Debug|Any CPU
		{151CA865-0057-4F39-9703-ACE74948F0EC}.Release|Any CPU.ActiveCfg = Release|Any CPU
		{151CA865-0057-4F39-9703-ACE74948F0EC}.Release|Any CPU.Build.0 = Release|Any CPU
	EndGlobalSection
	GlobalSection(SolutionProperties) = preSolution
		HideSolutionNode = FALSE
	EndGlobalSection
	GlobalSection(ExtensibilityGlobals) = postSolution
		SolutionGuid = {711AD7C6-C26A-46AA-AF3A-BD4839A2A4E0}
	EndGlobalSection
EndGlobal
